
Microsoft Visual Studio Solution File, Format Version 12.00
# Visual Studio Version 16
VisualStudioVersion = 16.0.30804.86
MinimumVisualStudioVersion = 10.0.40219.1
Project("{FAE04EC0-301F-11D3-BF4B-00C04F79EFBC}") = "WebApp", "WebApp\WebApp.csproj", "{01E3AEC2-61EA-4042-8DC7-25E376B29FC1}"
EndProject
Global
	GlobalSection(SolutionConfigurationPlatforms) = preSolution
		Debug|Any CPU = Debug|Any CPU
		Release|Any CPU = Release|Any CPU
	EndGlobalSection
	GlobalSection(ProjectConfigurationPlatforms) = postSolution
		{01E3AEC2-61EA-4042-8DC7-25E376B29FC1}.Debug|Any CPU.ActiveCfg = Debug|Any CPU
		{01E3AEC2-61EA-4042-8DC7-25E376B29FC1}.Debug|Any CPU.Build.0 = Debug|Any CPU
		{01E3AEC2-61EA-4042-8DC7-25E376B29FC1}.Release|Any CPU.ActiveCfg = Release|Any CPU
		{01E3AEC2-61EA-4042-8DC7-25E376B29FC1}.Release|Any CPU.Build.0 = Release|Any CPU
	EndGlobalSection
	GlobalSection(SolutionProperties) = preSolution
		HideSolutionNode = FALSE
	EndGlobalSection
	GlobalSection(ExtensibilityGlobals) = postSolution
		SolutionGuid = {0D849EEF-C9D6-4AB7-86AE-93454A0377B4}
	EndGlobalSection
EndGlobal
