
Microsoft Visual Studio Solution File, Format Version 12.00
# Visual Studio Version 16
VisualStudioVersion = 16.0.30011.22
MinimumVisualStudioVersion = 10.0.40219.1
Project("{FAE04EC0-301F-11D3-BF4B-00C04F79EFBC}") = "Branching", "Branching\Branching.csproj", "{B36B6139-B742-467C-9215-9608273B7DCE}"
EndProject
Global
	GlobalSection(SolutionConfigurationPlatforms) = preSolution
		Debug|Any CPU = Debug|Any CPU
		Release|Any CPU = Release|Any CPU
	EndGlobalSection
	GlobalSection(ProjectConfigurationPlatforms) = postSolution
		{B36B6139-B742-467C-9215-9608273B7DCE}.Debug|Any CPU.ActiveCfg = Debug|Any CPU
		{B36B6139-B742-467C-9215-9608273B7DCE}.Debug|Any CPU.Build.0 = Debug|Any CPU
		{B36B6139-B742-467C-9215-9608273B7DCE}.Release|Any CPU.ActiveCfg = Release|Any CPU
		{B36B6139-B742-467C-9215-9608273B7DCE}.Release|Any CPU.Build.0 = Release|Any CPU
	EndGlobalSection
	GlobalSection(SolutionProperties) = preSolution
		HideSolutionNode = FALSE
	EndGlobalSection
	GlobalSection(ExtensibilityGlobals) = postSolution
		SolutionGuid = {B3DF8A5D-72E6-468D-92CE-EA3D14C50344}
	EndGlobalSection
EndGlobal
